{
  "name": "schematron",
  "version": "1.0.0",
  "lockfileVersion": 1,
  "requires": true,
  "dependencies": {
    "fs": {
      "version": "0.0.1-security",
      "resolved": "https://artifactory.aws.athenahealth.com:443/api/npm/npm/fs/-/fs-0.0.1-security.tgz",
      "integrity": "sha1-invTcYa23d84E/I4WLV+yq9eQdQ="
    },
    "node-fetch": {
      "version": "2.6.0",
      "resolved": "https://artifactory.aws.athenahealth.com:443/api/npm/npm/node-fetch/-/node-fetch-2.6.0.tgz",
      "integrity": "sha1-5jNFY4bUqlWGP2dqerDaqP3ssP0="
    },
    "schematron-runner": {
      "version": "1.0.0",
      "resolved": "https://artifactory.aws.athenahealth.com:443/api/npm/npm/schematron-runner/-/schematron-runner-1.0.0.tgz",
      "integrity": "sha1-r+X+AqFGitpUgu0+af/45P3cx5M=",
      "requires": {
        "node-fetch": "^2.0.0",
        "xmldom": "^0.1.20",
        "xpath": "^0.0.27"
      }
    },
    "xmldom": {
      "version": "0.1.31",
      "resolved": "https://artifactory.aws.athenahealth.com:443/api/npm/npm/xmldom/-/xmldom-0.1.31.tgz",
      "integrity": "sha1-t2yaG9nwqXN+WnLcNyMc84N14v8="
    },
    "xpath": {
      "version": "0.0.27",
      "resolved": "https://artifactory.aws.athenahealth.com:443/api/npm/npm/xpath/-/xpath-0.0.27.tgz",
      "integrity": "sha1-3TQh+9zFZGrDLEhTG01+nQws+pI="
    }
  }
}
